
Microsoft Visual Studio Solution File, Format Version 11.00
# Visual Studio 2010
Project("{FAE04EC0-301F-11D3-BF4B-00C04F79EFBC}") = "DietJournal.Web", "DietJournal.Web\DietJournal.Web.csproj", "{15685E2A-CBBE-4816-AB7B-A18B89B1F897}"
EndProject
Global
	GlobalSection(SolutionConfigurationPlatforms) = preSolution
		Debug|Any CPU = Debug|Any CPU
		Release|Any CPU = Release|Any CPU
	EndGlobalSection
	GlobalSection(ProjectConfigurationPlatforms) = postSolution
		{15685E2A-CBBE-4816-AB7B-A18B89B1F897}.Debug|Any CPU.ActiveCfg = Debug|Any CPU
		{15685E2A-CBBE-4816-AB7B-A18B89B1F897}.Debug|Any CPU.Build.0 = Debug|Any CPU
		{15685E2A-CBBE-4816-AB7B-A18B89B1F897}.Release|Any CPU.ActiveCfg = Release|Any CPU
		{15685E2A-CBBE-4816-AB7B-A18B89B1F897}.Release|Any CPU.Build.0 = Release|Any CPU
	EndGlobalSection
	GlobalSection(SolutionProperties) = preSolution
		HideSolutionNode = FALSE
	EndGlobalSection
EndGlobal
